PODS:
  - AFNetworking (2.6.3):
    - AFNetworking/NSURLConnection (= 2.6.3)
    - AFNetworking/NSURLSession (= 2.6.3)
    - AFNetworking/Reachability (= 2.6.3)
    - AFNetworking/Security (= 2.6.3)
    - AFNetworking/Serialization (= 2.6.3)
    - AFNetworking/UIKit (= 2.6.3)
  - AFNetworking/NSURLConnection (2.6.3):
    - AFNetworking/Reachability
    - AFNetworking/Security
    - AFNetworking/Serialization
  - AFNetworking/NSURLSession (2.6.3):
    - AFNetworking/Reachability
    - AFNetworking/Security
    - AFNetworking/Serialization
  - AFNetworking/Reachability (2.6.3)
  - AFNetworking/Security (2.6.3)
  - AFNetworking/Serialization (2.6.3)
  - AFNetworking/UIKit (2.6.3):
    - AFNetworking/NSURLConnection
    - AFNetworking/NSURLSession
  - FMDB (2.5):
    - FMDB/standard (= 2.5)
  - FMDB/common (2.5)
  - FMDB/standard (2.5):
    - FMDB/common
  - Mantle (2.0.5):
    - Mantle/extobjc (= 2.0.5)
  - Mantle/extobjc (2.0.5)
  - MBProgressHUD (0.9.2)
  - MJRefresh (3.0.7)
  - MLTransition (2.0.1)
  - SDWebImage (3.7.3):
    - SDWebImage/Core (= 3.7.3)
  - SDWebImage/Core (3.7.3)
  - SSKeychain (1.4.1)
  - UMengSocial (4.4)

DEPENDENCIES:
  - AFNetworking (= 2.6.3)
  - FMDB (= 2.5)
  - Mantle (= 2.0.5)
  - MBProgressHUD (~> 0.9.1)
  - MJRefresh (= 3.0.7)
  - MLTransition (= 2.0.1)
  - SDWebImage (= 3.7.3)
  - SSKeychain
  - UMengSocial (~> 4.3)

SPEC CHECKSUMS:
  AFNetworking: cb8d14a848e831097108418f5d49217339d4eb60
  FMDB: 96e8f1bcc1329e269330f99770ad4285d9003e52
  Mantle: 1912395033f601de5adc8ee91e48f46e4c7051ad
  MBProgressHUD: 1569cf7ace17a8bac47aabfbb8580a49690386d1
  MJRefresh: f3e1228ec3d38c7ba5208d58032631a52f39f495
  MLTransition: 47b87b8bc6077540919dcfc3e0adcc0b4a589910
  SDWebImage: 1d2b1a1efda1ade1b00b6f8498865f8ddedc8a84
  SSKeychain: 55cc80f66f5c73da827e3077f02e43528897db41
  UMengSocial: aba7296602310385114d82c255539a7bef3b7ab0

PODFILE CHECKSUM: a958cd1e8cfff0317a6d566cd621cc57b9581f91

COCOAPODS: 1.1.1
